
Microsoft Visual Studio Solution File, Format Version 12.00
# Visual Studio Version 17
VisualStudioVersion = 17.1.32319.34
MinimumVisualStudioVersion = 10.0.40219.1
Project("{9A19103F-16F7-4668-BE54-9A1E7A4F7556}") = "GameZone.ConsolePresentation", "GameZone.ConsolePresentation.csproj", "{642DEB1A-555F-4531-A0F2-4D06447FE641}"
EndProject
Project("{9A19103F-16F7-4668-BE54-9A1E7A4F7556}") = "GameZone.Infrastructure", "..\GameZone.Infrastructure\GameZone.Infrastructure.csproj", "{4E1D75D8-6411-40E3-ABBB-438BE0D7FC6C}"
EndProject
Project("{9A19103F-16F7-4668-BE54-9A1E7A4F7556}") = "GameZone.Domain", "..\GameZone.Domain\GameZone.Domain.csproj", "{CF112537-96B5-49A2-BB0E-D582EC86A75D}"
EndProject
Global
	GlobalSection(SolutionConfigurationPlatforms) = preSolution
		Debug|Any CPU = Debug|Any CPU
		Release|Any CPU = Release|Any CPU
	EndGlobalSection
	GlobalSection(ProjectConfigurationPlatforms) = postSolution
		{642DEB1A-555F-4531-A0F2-4D06447FE641}.Debug|Any CPU.ActiveCfg = Debug|Any CPU
		{642DEB1A-555F-4531-A0F2-4D06447FE641}.Debug|Any CPU.Build.0 = Debug|Any CPU
		{642DEB1A-555F-4531-A0F2-4D06447FE641}.Release|Any CPU.ActiveCfg = Release|Any CPU
		{642DEB1A-555F-4531-A0F2-4D06447FE641}.Release|Any CPU.Build.0 = Release|Any CPU
		{4E1D75D8-6411-40E3-ABBB-438BE0D7FC6C}.Debug|Any CPU.ActiveCfg = Debug|Any CPU
		{4E1D75D8-6411-40E3-ABBB-438BE0D7FC6C}.Debug|Any CPU.Build.0 = Debug|Any CPU
		{4E1D75D8-6411-40E3-ABBB-438BE0D7FC6C}.Release|Any CPU.ActiveCfg = Release|Any CPU
		{4E1D75D8-6411-40E3-ABBB-438BE0D7FC6C}.Release|Any CPU.Build.0 = Release|Any CPU
		{CF112537-96B5-49A2-BB0E-D582EC86A75D}.Debug|Any CPU.ActiveCfg = Debug|Any CPU
		{CF112537-96B5-49A2-BB0E-D582EC86A75D}.Debug|Any CPU.Build.0 = Debug|Any CPU
		{CF112537-96B5-49A2-BB0E-D582EC86A75D}.Release|Any CPU.ActiveCfg = Release|Any CPU
		{CF112537-96B5-49A2-BB0E-D582EC86A75D}.Release|Any CPU.Build.0 = Release|Any CPU
	EndGlobalSection
	GlobalSection(SolutionProperties) = preSolution
		HideSolutionNode = FALSE
	EndGlobalSection
	GlobalSection(ExtensibilityGlobals) = postSolution
		SolutionGuid = {DEDB8743-3291-40C9-BEBF-C9A52DF80187}
	EndGlobalSection
EndGlobal
