
Microsoft Visual Studio Solution File, Format Version 12.00
# Visual Studio Version 17
VisualStudioVersion = 17.1.32319.34
MinimumVisualStudioVersion = 10.0.40219.1
Project("{9A19103F-16F7-4668-BE54-9A1E7A4F7556}") = "GameZone.Infrastructure", "GameZone.Infrastructure\GameZone.Infrastructure.csproj", "{4E1D75D8-6411-40E3-ABBB-438BE0D7FC6C}"
EndProject
Project("{9A19103F-16F7-4668-BE54-9A1E7A4F7556}") = "GameZone.Domain", "GameZone.Domain\GameZone.Domain.csproj", "{CF112537-96B5-49A2-BB0E-D582EC86A75D}"
EndProject
Project("{9A19103F-16F7-4668-BE54-9A1E7A4F7556}") = "GameZone.Application", "GameZone.Application\GameZone.Application.csproj", "{394766F3-FFF7-4963-8C7E-360606D52F0A}"
EndProject
Project("{9A19103F-16F7-4668-BE54-9A1E7A4F7556}") = "GameZone.Tests", "GameZone.Tests\GameZone.Tests.csproj", "{9217E9CD-332D-41BD-9086-DA18B15AA81B}"
EndProject
Project("{9A19103F-16F7-4668-BE54-9A1E7A4F7556}") = "GameZone.Api", "GameZone.Api\GameZone.Api.csproj", "{90240CD1-CC10-46DA-BBFE-7F62E152BDB8}"
EndProject
Project("{9A19103F-16F7-4668-BE54-9A1E7A4F7556}") = "GameZone.Application.IntegrationTests", "GameZone.Application.IntegrationTests\GameZone.Application.IntegrationTests.csproj", "{712321A5-3471-4076-A37B-9FB0A92EC3F1}"
EndProject
Project("{2150E333-8FDC-42A3-9474-1A3956D46DE8}") = "GameZone.Testing", "GameZone.Testing", "{457105BD-1B14-436B-9060-02DD093CACBD}"
EndProject
Project("{FAE04EC0-301F-11D3-BF4B-00C04F79EFBC}") = "GameZone.ApiUnitTests", "GameZone.ApiUnitTests\GameZone.ApiUnitTests.csproj", "{DF51A77B-4096-4A86-A066-3811A4B80E0D}"
EndProject
Global
	GlobalSection(SolutionConfigurationPlatforms) = preSolution
		Debug|Any CPU = Debug|Any CPU
		Release|Any CPU = Release|Any CPU
	EndGlobalSection
	GlobalSection(ProjectConfigurationPlatforms) = postSolution
		{4E1D75D8-6411-40E3-ABBB-438BE0D7FC6C}.Debug|Any CPU.ActiveCfg = Debug|Any CPU
		{4E1D75D8-6411-40E3-ABBB-438BE0D7FC6C}.Debug|Any CPU.Build.0 = Debug|Any CPU
		{4E1D75D8-6411-40E3-ABBB-438BE0D7FC6C}.Release|Any CPU.ActiveCfg = Release|Any CPU
		{4E1D75D8-6411-40E3-ABBB-438BE0D7FC6C}.Release|Any CPU.Build.0 = Release|Any CPU
		{CF112537-96B5-49A2-BB0E-D582EC86A75D}.Debug|Any CPU.ActiveCfg = Debug|Any CPU
		{CF112537-96B5-49A2-BB0E-D582EC86A75D}.Debug|Any CPU.Build.0 = Debug|Any CPU
		{CF112537-96B5-49A2-BB0E-D582EC86A75D}.Release|Any CPU.ActiveCfg = Release|Any CPU
		{CF112537-96B5-49A2-BB0E-D582EC86A75D}.Release|Any CPU.Build.0 = Release|Any CPU
		{394766F3-FFF7-4963-8C7E-360606D52F0A}.Debug|Any CPU.ActiveCfg = Debug|Any CPU
		{394766F3-FFF7-4963-8C7E-360606D52F0A}.Debug|Any CPU.Build.0 = Debug|Any CPU
		{394766F3-FFF7-4963-8C7E-360606D52F0A}.Release|Any CPU.ActiveCfg = Release|Any CPU
		{394766F3-FFF7-4963-8C7E-360606D52F0A}.Release|Any CPU.Build.0 = Release|Any CPU
		{9217E9CD-332D-41BD-9086-DA18B15AA81B}.Debug|Any CPU.ActiveCfg = Debug|Any CPU
		{9217E9CD-332D-41BD-9086-DA18B15AA81B}.Debug|Any CPU.Build.0 = Debug|Any CPU
		{9217E9CD-332D-41BD-9086-DA18B15AA81B}.Release|Any CPU.ActiveCfg = Release|Any CPU
		{9217E9CD-332D-41BD-9086-DA18B15AA81B}.Release|Any CPU.Build.0 = Release|Any CPU
		{90240CD1-CC10-46DA-BBFE-7F62E152BDB8}.Debug|Any CPU.ActiveCfg = Debug|Any CPU
		{90240CD1-CC10-46DA-BBFE-7F62E152BDB8}.Debug|Any CPU.Build.0 = Debug|Any CPU
		{90240CD1-CC10-46DA-BBFE-7F62E152BDB8}.Release|Any CPU.ActiveCfg = Release|Any CPU
		{90240CD1-CC10-46DA-BBFE-7F62E152BDB8}.Release|Any CPU.Build.0 = Release|Any CPU
		{712321A5-3471-4076-A37B-9FB0A92EC3F1}.Debug|Any CPU.ActiveCfg = Debug|Any CPU
		{712321A5-3471-4076-A37B-9FB0A92EC3F1}.Debug|Any CPU.Build.0 = Debug|Any CPU
		{712321A5-3471-4076-A37B-9FB0A92EC3F1}.Release|Any CPU.ActiveCfg = Release|Any CPU
		{712321A5-3471-4076-A37B-9FB0A92EC3F1}.Release|Any CPU.Build.0 = Release|Any CPU
		{DF51A77B-4096-4A86-A066-3811A4B80E0D}.Debug|Any CPU.ActiveCfg = Debug|Any CPU
		{DF51A77B-4096-4A86-A066-3811A4B80E0D}.Debug|Any CPU.Build.0 = Debug|Any CPU
		{DF51A77B-4096-4A86-A066-3811A4B80E0D}.Release|Any CPU.ActiveCfg = Release|Any CPU
		{DF51A77B-4096-4A86-A066-3811A4B80E0D}.Release|Any CPU.Build.0 = Release|Any CPU
	EndGlobalSection
	GlobalSection(SolutionProperties) = preSolution
		HideSolutionNode = FALSE
	EndGlobalSection
	GlobalSection(NestedProjects) = preSolution
		{9217E9CD-332D-41BD-9086-DA18B15AA81B} = {457105BD-1B14-436B-9060-02DD093CACBD}
		{712321A5-3471-4076-A37B-9FB0A92EC3F1} = {457105BD-1B14-436B-9060-02DD093CACBD}
		{DF51A77B-4096-4A86-A066-3811A4B80E0D} = {457105BD-1B14-436B-9060-02DD093CACBD}
	EndGlobalSection
	GlobalSection(ExtensibilityGlobals) = postSolution
		SolutionGuid = {DEDB8743-3291-40C9-BEBF-C9A52DF80187}
	EndGlobalSection
EndGlobal
